
Microsoft Visual Studio Solution File, Format Version 12.00
# Visual Studio Version 17
VisualStudioVersion = 17.8.34322.80
MinimumVisualStudioVersion = 10.0.40219.1
Project("{9A19103F-16F7-4668-BE54-9A1E7A4F7556}") = "CloudGames.Catalog.API", "GameStore.API\CloudGames.Catalog.API.csproj", "{ED3DDE70-2B2E-46AD-AA87-74BCBF920277}"
EndProject
Project("{9A19103F-16F7-4668-BE54-9A1E7A4F7556}") = "Domain", "Domain\Domain.csproj", "{7FD71CD1-09CF-49EE-B376-3AB45F7E2F6F}"
EndProject
Project("{9A19103F-16F7-4668-BE54-9A1E7A4F7556}") = "Middleware", "Middleware\Middleware.csproj", "{9016BD61-1257-48AF-8640-796A4D9BA525}"
EndProject
Project("{9A19103F-16F7-4668-BE54-9A1E7A4F7556}") = "Repositories", "Repositories\Repositories.csproj", "{8216D463-8752-4F50-9817-A9C13BB042DC}"
EndProject
Project("{9A19103F-16F7-4668-BE54-9A1E7A4F7556}") = "Services", "Services\Services.csproj", "{0F6D90D5-89F0-422B-97AC-C19FF9DBF9EF}"
EndProject
Project("{9A19103F-16F7-4668-BE54-9A1E7A4F7556}") = "Utils", "Utils\Utils.csproj", "{6400B94E-4F75-407C-B8EC-8A59BDF772F3}"
EndProject
Project("{9A19103F-16F7-4668-BE54-9A1E7A4F7556}") = "Consumers", "Consumers\Consumers.csproj", "{972B0851-AE05-489F-8644-986A940AF1B1}"
EndProject
Project("{2150E333-8FDC-42A3-9474-1A3956D46DE8}") = "k8s", "k8s", "{51EAFE0D-9728-4486-B7FA-D960DF31CCD1}"
	ProjectSection(SolutionItems) = preProject
		configmap.yml = configmap.yml
		deployment.yml = deployment.yml
		secret.yml = secret.yml
	EndProjectSection
EndProject
Project("{9A19103F-16F7-4668-BE54-9A1E7A4F7556}") = "CloudGames.Contracts", "..\TechChallengeFIAP.Contracts\CloudGames.Contracts\CloudGames.Contracts.csproj", "{0FB07F88-5A79-42C6-8237-E4AA3C2C2CCF}"
EndProject
Global
	GlobalSection(SolutionConfigurationPlatforms) = preSolution
		Debug|Any CPU = Debug|Any CPU
		Release|Any CPU = Release|Any CPU
	EndGlobalSection
	GlobalSection(ProjectConfigurationPlatforms) = postSolution
		{ED3DDE70-2B2E-46AD-AA87-74BCBF920277}.Debug|Any CPU.ActiveCfg = Debug|Any CPU
		{ED3DDE70-2B2E-46AD-AA87-74BCBF920277}.Debug|Any CPU.Build.0 = Debug|Any CPU
		{ED3DDE70-2B2E-46AD-AA87-74BCBF920277}.Release|Any CPU.ActiveCfg = Release|Any CPU
		{ED3DDE70-2B2E-46AD-AA87-74BCBF920277}.Release|Any CPU.Build.0 = Release|Any CPU
		{7FD71CD1-09CF-49EE-B376-3AB45F7E2F6F}.Debug|Any CPU.ActiveCfg = Debug|Any CPU
		{7FD71CD1-09CF-49EE-B376-3AB45F7E2F6F}.Debug|Any CPU.Build.0 = Debug|Any CPU
		{7FD71CD1-09CF-49EE-B376-3AB45F7E2F6F}.Release|Any CPU.ActiveCfg = Release|Any CPU
		{7FD71CD1-09CF-49EE-B376-3AB45F7E2F6F}.Release|Any CPU.Build.0 = Release|Any CPU
		{9016BD61-1257-48AF-8640-796A4D9BA525}.Debug|Any CPU.ActiveCfg = Debug|Any CPU
		{9016BD61-1257-48AF-8640-796A4D9BA525}.Debug|Any CPU.Build.0 = Debug|Any CPU
		{9016BD61-1257-48AF-8640-796A4D9BA525}.Release|Any CPU.ActiveCfg = Release|Any CPU
		{9016BD61-1257-48AF-8640-796A4D9BA525}.Release|Any CPU.Build.0 = Release|Any CPU
		{8216D463-8752-4F50-9817-A9C13BB042DC}.Debug|Any CPU.ActiveCfg = Debug|Any CPU
		{8216D463-8752-4F50-9817-A9C13BB042DC}.Debug|Any CPU.Build.0 = Debug|Any CPU
		{8216D463-8752-4F50-9817-A9C13BB042DC}.Release|Any CPU.ActiveCfg = Release|Any CPU
		{8216D463-8752-4F50-9817-A9C13BB042DC}.Release|Any CPU.Build.0 = Release|Any CPU
		{0F6D90D5-89F0-422B-97AC-C19FF9DBF9EF}.Debug|Any CPU.ActiveCfg = Debug|Any CPU
		{0F6D90D5-89F0-422B-97AC-C19FF9DBF9EF}.Debug|Any CPU.Build.0 = Debug|Any CPU
		{0F6D90D5-89F0-422B-97AC-C19FF9DBF9EF}.Release|Any CPU.ActiveCfg = Release|Any CPU
		{0F6D90D5-89F0-422B-97AC-C19FF9DBF9EF}.Release|Any CPU.Build.0 = Release|Any CPU
		{6400B94E-4F75-407C-B8EC-8A59BDF772F3}.Debug|Any CPU.ActiveCfg = Debug|Any CPU
		{6400B94E-4F75-407C-B8EC-8A59BDF772F3}.Debug|Any CPU.Build.0 = Debug|Any CPU
		{6400B94E-4F75-407C-B8EC-8A59BDF772F3}.Release|Any CPU.ActiveCfg = Release|Any CPU
		{6400B94E-4F75-407C-B8EC-8A59BDF772F3}.Release|Any CPU.Build.0 = Release|Any CPU
		{972B0851-AE05-489F-8644-986A940AF1B1}.Debug|Any CPU.ActiveCfg = Debug|Any CPU
		{972B0851-AE05-489F-8644-986A940AF1B1}.Debug|Any CPU.Build.0 = Debug|Any CPU
		{972B0851-AE05-489F-8644-986A940AF1B1}.Release|Any CPU.ActiveCfg = Release|Any CPU
		{972B0851-AE05-489F-8644-986A940AF1B1}.Release|Any CPU.Build.0 = Release|Any CPU
		{0FB07F88-5A79-42C6-8237-E4AA3C2C2CCF}.Debug|Any CPU.ActiveCfg = Debug|Any CPU
		{0FB07F88-5A79-42C6-8237-E4AA3C2C2CCF}.Debug|Any CPU.Build.0 = Debug|Any CPU
		{0FB07F88-5A79-42C6-8237-E4AA3C2C2CCF}.Release|Any CPU.ActiveCfg = Release|Any CPU
		{0FB07F88-5A79-42C6-8237-E4AA3C2C2CCF}.Release|Any CPU.Build.0 = Release|Any CPU
	EndGlobalSection
	GlobalSection(SolutionProperties) = preSolution
		HideSolutionNode = FALSE
	EndGlobalSection
	GlobalSection(ExtensibilityGlobals) = postSolution
		SolutionGuid = {9684BE6D-D797-44AE-B37E-6E1F1950F60B}
	EndGlobalSection
EndGlobal
